
Microsoft Visual Studio Solution File, Format Version 12.00
# Visual Studio Version 17
VisualStudioVersion = 17.10.35122.118
MinimumVisualStudioVersion = 10.0.40219.1
Project("{FAE04EC0-301F-11D3-BF4B-00C04F79EFBC}") = "QRParserUI", "QRParserUI.csproj", "{690A5F9B-7DD3-4B69-9CE9-2DE9FCCA34FD}"
EndProject
Global
	GlobalSection(SolutionConfigurationPlatforms) = preSolution
		Debug|Any CPU = Debug|Any CPU
		Release|Any CPU = Release|Any CPU
	EndGlobalSection
	GlobalSection(ProjectConfigurationPlatforms) = postSolution
		{690A5F9B-7DD3-4B69-9CE9-2DE9FCCA34FD}.Debug|Any CPU.ActiveCfg = Debug|Any CPU
		{690A5F9B-7DD3-4B69-9CE9-2DE9FCCA34FD}.Debug|Any CPU.Build.0 = Debug|Any CPU
		{690A5F9B-7DD3-4B69-9CE9-2DE9FCCA34FD}.Release|Any CPU.ActiveCfg = Release|Any CPU
		{690A5F9B-7DD3-4B69-9CE9-2DE9FCCA34FD}.Release|Any CPU.Build.0 = Release|Any CPU
	EndGlobalSection
	GlobalSection(SolutionProperties) = preSolution
		HideSolutionNode = FALSE
	EndGlobalSection
	GlobalSection(ExtensibilityGlobals) = postSolution
		SolutionGuid = {6B0860D6-099C-4CEC-A1D1-C6F311FCAE0C}
	EndGlobalSection
EndGlobal
